
Microsoft Visual Studio Solution File, Format Version 12.00
# Visual Studio Express 2012 for Windows Desktop
Project("{FAE04EC0-301F-11D3-BF4B-00C04F79EFBC}") = "NumerosRandomicos", "NumerosRandomicos.csproj", "{AA567C7F-5E5C-4A69-B862-31A5C9B2E080}"
EndProject
Global
	GlobalSection(SolutionConfigurationPlatforms) = preSolution
		Debug|Any CPU = Debug|Any CPU
		Release|Any CPU = Release|Any CPU
	EndGlobalSection
	GlobalSection(ProjectConfigurationPlatforms) = postSolution
		{AA567C7F-5E5C-4A69-B862-31A5C9B2E080}.Debug|Any CPU.ActiveCfg = Debug|Any CPU
		{AA567C7F-5E5C-4A69-B862-31A5C9B2E080}.Debug|Any CPU.Build.0 = Debug|Any CPU
		{AA567C7F-5E5C-4A69-B862-31A5C9B2E080}.Release|Any CPU.ActiveCfg = Release|Any CPU
		{AA567C7F-5E5C-4A69-B862-31A5C9B2E080}.Release|Any CPU.Build.0 = Release|Any CPU
	EndGlobalSection
	GlobalSection(SolutionProperties) = preSolution
		HideSolutionNode = FALSE
	EndGlobalSection
EndGlobal
