
Microsoft Visual Studio Solution File, Format Version 12.00
# Visual Studio Express 2012 for Windows Desktop
Project("{FAE04EC0-301F-11D3-BF4B-00C04F79EFBC}") = "Object", "Object.csproj", "{73DC6A73-BC24-4FE2-9020-D79E54FE5EB1}"
EndProject
Global
	GlobalSection(SolutionConfigurationPlatforms) = preSolution
		Debug|Any CPU = Debug|Any CPU
		Release|Any CPU = Release|Any CPU
	EndGlobalSection
	GlobalSection(ProjectConfigurationPlatforms) = postSolution
		{73DC6A73-BC24-4FE2-9020-D79E54FE5EB1}.Debug|Any CPU.ActiveCfg = Debug|Any CPU
		{73DC6A73-BC24-4FE2-9020-D79E54FE5EB1}.Debug|Any CPU.Build.0 = Debug|Any CPU
		{73DC6A73-BC24-4FE2-9020-D79E54FE5EB1}.Release|Any CPU.ActiveCfg = Release|Any CPU
		{73DC6A73-BC24-4FE2-9020-D79E54FE5EB1}.Release|Any CPU.Build.0 = Release|Any CPU
	EndGlobalSection
	GlobalSection(SolutionProperties) = preSolution
		HideSolutionNode = FALSE
	EndGlobalSection
EndGlobal
