
Microsoft Visual Studio Solution File, Format Version 12.00
# Visual Studio Express 2012 for Windows Desktop
Project("{FAE04EC0-301F-11D3-BF4B-00C04F79EFBC}") = "ClasseArray", "ClasseArray.csproj", "{AD2BD6E7-740C-4884-8F2D-D8747FA1BEEC}"
EndProject
Global
	GlobalSection(SolutionConfigurationPlatforms) = preSolution
		Debug|Any CPU = Debug|Any CPU
		Release|Any CPU = Release|Any CPU
	EndGlobalSection
	GlobalSection(ProjectConfigurationPlatforms) = postSolution
		{AD2BD6E7-740C-4884-8F2D-D8747FA1BEEC}.Debug|Any CPU.ActiveCfg = Debug|Any CPU
		{AD2BD6E7-740C-4884-8F2D-D8747FA1BEEC}.Debug|Any CPU.Build.0 = Debug|Any CPU
		{AD2BD6E7-740C-4884-8F2D-D8747FA1BEEC}.Release|Any CPU.ActiveCfg = Release|Any CPU
		{AD2BD6E7-740C-4884-8F2D-D8747FA1BEEC}.Release|Any CPU.Build.0 = Release|Any CPU
	EndGlobalSection
	GlobalSection(SolutionProperties) = preSolution
		HideSolutionNode = FALSE
	EndGlobalSection
EndGlobal
