
Microsoft Visual Studio Solution File, Format Version 12.00
# Visual Studio Express 2012 for Windows Desktop
Project("{FAE04EC0-301F-11D3-BF4B-00C04F79EFBC}") = "Finally", "Finally.csproj", "{70FF1EF3-FB59-4DC5-A9FC-223A5769EC4E}"
EndProject
Global
	GlobalSection(SolutionConfigurationPlatforms) = preSolution
		Debug|Any CPU = Debug|Any CPU
		Release|Any CPU = Release|Any CPU
	EndGlobalSection
	GlobalSection(ProjectConfigurationPlatforms) = postSolution
		{70FF1EF3-FB59-4DC5-A9FC-223A5769EC4E}.Debug|Any CPU.ActiveCfg = Debug|Any CPU
		{70FF1EF3-FB59-4DC5-A9FC-223A5769EC4E}.Debug|Any CPU.Build.0 = Debug|Any CPU
		{70FF1EF3-FB59-4DC5-A9FC-223A5769EC4E}.Release|Any CPU.ActiveCfg = Release|Any CPU
		{70FF1EF3-FB59-4DC5-A9FC-223A5769EC4E}.Release|Any CPU.Build.0 = Release|Any CPU
	EndGlobalSection
	GlobalSection(SolutionProperties) = preSolution
		HideSolutionNode = FALSE
	EndGlobalSection
EndGlobal
