
Microsoft Visual Studio Solution File, Format Version 12.00
# Visual Studio Express 2012 for Windows Desktop
Project("{FAE04EC0-301F-11D3-BF4B-00C04F79EFBC}") = "PolimorfismoInterface", "PolimorfismoInterface.csproj", "{09F49C13-C17D-40A1-AAD3-FA3E31FFD098}"
EndProject
Global
	GlobalSection(SolutionConfigurationPlatforms) = preSolution
		Debug|Any CPU = Debug|Any CPU
		Release|Any CPU = Release|Any CPU
	EndGlobalSection
	GlobalSection(ProjectConfigurationPlatforms) = postSolution
		{09F49C13-C17D-40A1-AAD3-FA3E31FFD098}.Debug|Any CPU.ActiveCfg = Debug|Any CPU
		{09F49C13-C17D-40A1-AAD3-FA3E31FFD098}.Debug|Any CPU.Build.0 = Debug|Any CPU
		{09F49C13-C17D-40A1-AAD3-FA3E31FFD098}.Release|Any CPU.ActiveCfg = Release|Any CPU
		{09F49C13-C17D-40A1-AAD3-FA3E31FFD098}.Release|Any CPU.Build.0 = Release|Any CPU
	EndGlobalSection
	GlobalSection(SolutionProperties) = preSolution
		HideSolutionNode = FALSE
	EndGlobalSection
EndGlobal
