
Microsoft Visual Studio Solution File, Format Version 12.00
# Visual Studio Express 2012 for Windows Desktop
Project("{FAE04EC0-301F-11D3-BF4B-00C04F79EFBC}") = "Strings", "Strings.csproj", "{A98C8DAB-98C5-4020-BD39-50FC39950F2A}"
EndProject
Global
	GlobalSection(SolutionConfigurationPlatforms) = preSolution
		Debug|Any CPU = Debug|Any CPU
		Release|Any CPU = Release|Any CPU
	EndGlobalSection
	GlobalSection(ProjectConfigurationPlatforms) = postSolution
		{A98C8DAB-98C5-4020-BD39-50FC39950F2A}.Debug|Any CPU.ActiveCfg = Debug|Any CPU
		{A98C8DAB-98C5-4020-BD39-50FC39950F2A}.Debug|Any CPU.Build.0 = Debug|Any CPU
		{A98C8DAB-98C5-4020-BD39-50FC39950F2A}.Release|Any CPU.ActiveCfg = Release|Any CPU
		{A98C8DAB-98C5-4020-BD39-50FC39950F2A}.Release|Any CPU.Build.0 = Release|Any CPU
	EndGlobalSection
	GlobalSection(SolutionProperties) = preSolution
		HideSolutionNode = FALSE
	EndGlobalSection
EndGlobal
