
Microsoft Visual Studio Solution File, Format Version 12.00
# Visual Studio Express 2012 for Windows Desktop
Project("{FAE04EC0-301F-11D3-BF4B-00C04F79EFBC}") = "FileStream", "FileStream.csproj", "{4C82182C-9798-4D5D-8936-15D0DE699ABB}"
EndProject
Global
	GlobalSection(SolutionConfigurationPlatforms) = preSolution
		Debug|Any CPU = Debug|Any CPU
		Release|Any CPU = Release|Any CPU
	EndGlobalSection
	GlobalSection(ProjectConfigurationPlatforms) = postSolution
		{4C82182C-9798-4D5D-8936-15D0DE699ABB}.Debug|Any CPU.ActiveCfg = Debug|Any CPU
		{4C82182C-9798-4D5D-8936-15D0DE699ABB}.Debug|Any CPU.Build.0 = Debug|Any CPU
		{4C82182C-9798-4D5D-8936-15D0DE699ABB}.Release|Any CPU.ActiveCfg = Release|Any CPU
		{4C82182C-9798-4D5D-8936-15D0DE699ABB}.Release|Any CPU.Build.0 = Release|Any CPU
	EndGlobalSection
	GlobalSection(SolutionProperties) = preSolution
		HideSolutionNode = FALSE
	EndGlobalSection
EndGlobal
